
Microsoft Visual Studio Solution File, Format Version 12.00
# Visual Studio Version 17
VisualStudioVersion = 17.2.32602.215
MinimumVisualStudioVersion = 10.0.40219.1
Project("{FAE04EC0-301F-11D3-BF4B-00C04F79EFBC}") = "ProyectoSophos", "ProyectoSophos\ProyectoSophos.csproj", "{01020BA1-C4B5-4F68-916E-F60C86997F52}"
EndProject
Project("{FAE04EC0-301F-11D3-BF4B-00C04F79EFBC}") = "ProyectoSophos.Core", "ProyectoSophos.Core\ProyectoSophos.Core.csproj", "{6CDB981E-4450-43AD-A934-7E02151C2C79}"
EndProject
Project("{FAE04EC0-301F-11D3-BF4B-00C04F79EFBC}") = "ProyectoSophos.Infrastructure", "ProyectoSophos.Infrastructure\ProyectoSophos.Infrastructure.csproj", "{06F62C24-42C4-4F36-80EB-72F24828D50C}"
EndProject
Global
	GlobalSection(SolutionConfigurationPlatforms) = preSolution
		Debug|Any CPU = Debug|Any CPU
		Release|Any CPU = Release|Any CPU
	EndGlobalSection
	GlobalSection(ProjectConfigurationPlatforms) = postSolution
		{01020BA1-C4B5-4F68-916E-F60C86997F52}.Debug|Any CPU.ActiveCfg = Debug|Any CPU
		{01020BA1-C4B5-4F68-916E-F60C86997F52}.Debug|Any CPU.Build.0 = Debug|Any CPU
		{01020BA1-C4B5-4F68-916E-F60C86997F52}.Release|Any CPU.ActiveCfg = Release|Any CPU
		{01020BA1-C4B5-4F68-916E-F60C86997F52}.Release|Any CPU.Build.0 = Release|Any CPU
		{6CDB981E-4450-43AD-A934-7E02151C2C79}.Debug|Any CPU.ActiveCfg = Debug|Any CPU
		{6CDB981E-4450-43AD-A934-7E02151C2C79}.Debug|Any CPU.Build.0 = Debug|Any CPU
		{6CDB981E-4450-43AD-A934-7E02151C2C79}.Release|Any CPU.ActiveCfg = Release|Any CPU
		{6CDB981E-4450-43AD-A934-7E02151C2C79}.Release|Any CPU.Build.0 = Release|Any CPU
		{06F62C24-42C4-4F36-80EB-72F24828D50C}.Debug|Any CPU.ActiveCfg = Debug|Any CPU
		{06F62C24-42C4-4F36-80EB-72F24828D50C}.Debug|Any CPU.Build.0 = Debug|Any CPU
		{06F62C24-42C4-4F36-80EB-72F24828D50C}.Release|Any CPU.ActiveCfg = Release|Any CPU
		{06F62C24-42C4-4F36-80EB-72F24828D50C}.Release|Any CPU.Build.0 = Release|Any CPU
	EndGlobalSection
	GlobalSection(SolutionProperties) = preSolution
		HideSolutionNode = FALSE
	EndGlobalSection
	GlobalSection(ExtensibilityGlobals) = postSolution
		SolutionGuid = {8C38BC88-3B63-4053-BF6B-D412B71B1CED}
	EndGlobalSection
EndGlobal
